
Microsoft Visual Studio Solution File, Format Version 12.00
# Visual Studio 15
VisualStudioVersion = 15.0.28307.902
MinimumVisualStudioVersion = 10.0.40219.1
Project("{8BC9CEB8-8B4A-11D0-8D11-00A0C91BC942}") = "Optimum_design", "Optimum_design\Optimum_design.vcxproj", "{EA036C33-8AA0-4E7B-802C-2AFC50C09D72}"
EndProject
Global
	GlobalSection(SolutionConfigurationPlatforms) = preSolution
		Debug|x64 = Debug|x64
		Debug|x86 = Debug|x86
		Release|x64 = Release|x64
		Release|x86 = Release|x86
	EndGlobalSection
	GlobalSection(ProjectConfigurationPlatforms) = postSolution
		{EA036C33-8AA0-4E7B-802C-2AFC50C09D72}.Debug|x64.ActiveCfg = Debug|x64
		{EA036C33-8AA0-4E7B-802C-2AFC50C09D72}.Debug|x64.Build.0 = Debug|x64
		{EA036C33-8AA0-4E7B-802C-2AFC50C09D72}.Debug|x86.ActiveCfg = Debug|Win32
		{EA036C33-8AA0-4E7B-802C-2AFC50C09D72}.Debug|x86.Build.0 = Debug|Win32
		{EA036C33-8AA0-4E7B-802C-2AFC50C09D72}.Release|x64.ActiveCfg = Release|x64
		{EA036C33-8AA0-4E7B-802C-2AFC50C09D72}.Release|x64.Build.0 = Release|x64
		{EA036C33-8AA0-4E7B-802C-2AFC50C09D72}.Release|x86.ActiveCfg = Release|Win32
		{EA036C33-8AA0-4E7B-802C-2AFC50C09D72}.Release|x86.Build.0 = Release|Win32
	EndGlobalSection
	GlobalSection(SolutionProperties) = preSolution
		HideSolutionNode = FALSE
	EndGlobalSection
	GlobalSection(ExtensibilityGlobals) = postSolution
		SolutionGuid = {DFFA2149-0776-41C6-8FB5-BC99B703B79E}
	EndGlobalSection
EndGlobal
